{
  "version": 4,
  "terraform_version": "1.14.9",
  "serial": 5,
  "lineage": "e70ad58a-19c2-bb7a-7104-b1110ca2839e",
  "outputs": {},
  "resources": [
    {
      "mode": "managed",
      "type": "aws_key_pair",
      "name": "pulse_key",
      "provider": "provider[\"registry.terraform.io/hashicorp/aws\"]",
      "instances": [
        {
          "schema_version": 1,
          "attributes": {
            "arn": "arn:aws:ec2:eu-central-1:871576119954:key-pair/pulse-key",
            "fingerprint": "bc:00:36:76:f5:bb:a1:d4:48:7f:b4:fe:60:97:46:c1",
            "id": "pulse-key",
            "key_name": "pulse-key",
            "key_name_prefix": "",
            "key_pair_id": "key-09f9b5e523da41771",
            "key_type": "rsa",
            "public_key": "ssh-rsa AAAAB3NzaC1yc2EAAAADAQABAAACAQCwwHPpw8kiHguHE8X1fPnjhFawU8mJiTb++n/t7OipNCDel1etkKIfDgexBKaAvzQlkzSFHd2RIh+PYTaZ1zVJHkOlifLwTKw6SoNnUC/AsbVke+dhxITZgXJmAUGquoTXIG9F6FkGyl8KbrTx1dk3Pn3skr9Irr2pYpdnHH9+CrbSgb14zDziJh3FrCmBjwlpxK/AtE8e2SO7nigD5JpTgpyr7P9NXSwHCKbai55hZEJPOd41CD9S3xU3wRMLKRBNy5e8Uq7Dt0mLo9v7JMTmcbrBNox9inoV7u3tmzb/0Ve5/YSLEzvwrHHiC3mdqYlEWwvnRvsfYaUnGPNKl5iw3vy/dv+oCIIroQmH3LOhbaqOggKad71WE0pXDhGfvVErh2VUM9IsH1gdoS6aXSDz5rsYlhO++xvkH9MlRuWghy2hwCNw2rXWTyLAsbqV4S2DiY2Mfncu/myvoggUjfbZIVyByURnOAbwPvL7hEQYraV4av2LifMSRoooNGg8p4OpG5wlHveTNqQwMGx1Mun0lOYaqpXCEwC0I9pVKCeL0odZpWQNCsyex41cyhAGs0bMxKZupy6INAD6KEwHPBSihA1Yz+ACMod29+GGDdknWgtP6CH2TlqHHNUDUxGpT5qe5B27hx3pt+DgKPLqXSDQHbjDDUFG1gpsuHD9Umts8Q== pulse",
            "tags": null,
            "tags_all": {}
          },
          "sensitive_attributes": [],
          "identity_schema_version": 0,
          "private": "eyJzY2hlbWFfdmVyc2lvbiI6IjEifQ=="
        }
      ]
    },
    {
      "mode": "managed",
      "type": "aws_security_group",
      "name": "pulse_sg",
      "provider": "provider[\"registry.terraform.io/hashicorp/aws\"]",
      "instances": [
        {
          "schema_version": 1,
          "attributes": {
            "arn": "arn:aws:ec2:eu-central-1:871576119954:security-group/sg-0c45bf07c052fa676",
            "description": "Allow SSH and HTTP",
            "egress": [
              {
                "cidr_blocks": [
                  "0.0.0.0/0"
                ],
                "description": "",
                "from_port": 0,
                "ipv6_cidr_blocks": [],
                "prefix_list_ids": [],
                "protocol": "-1",
                "security_groups": [],
                "self": false,
                "to_port": 0
              }
            ],
            "id": "sg-0c45bf07c052fa676",
            "ingress": [
              {
                "cidr_blocks": [
                  "0.0.0.0/0"
                ],
                "description": "",
                "from_port": 22,
                "ipv6_cidr_blocks": [],
                "prefix_list_ids": [],
                "protocol": "tcp",
                "security_groups": [],
                "self": false,
                "to_port": 22
              },
              {
                "cidr_blocks": [
                  "0.0.0.0/0"
                ],
                "description": "",
                "from_port": 80,
                "ipv6_cidr_blocks": [],
                "prefix_list_ids": [],
                "protocol": "tcp",
                "security_groups": [],
                "self": false,
                "to_port": 80
              }
            ],
            "name": "pulse-sg",
            "name_prefix": "",
            "owner_id": "871576119954",
            "revoke_rules_on_delete": false,
            "tags": null,
            "tags_all": {},
            "timeouts": null,
            "vpc_id": "vpc-095675698a75a2324"
          },
          "sensitive_attributes": [],
          "identity_schema_version": 0,
          "private": "eyJlMmJmYjczMC1lY2FhLTExZTYtOGY4OC0zNDM2M2JjN2M0YzAiOnsiY3JlYXRlIjo2MDAwMDAwMDAwMDAsImRlbGV0ZSI6OTAwMDAwMDAwMDAwfSwic2NoZW1hX3ZlcnNpb24iOiIxIn0="
        }
      ]
    }
  ],
  "check_results": null
}
